
Microsoft Visual Studio Solution File, Format Version 12.00
# Visual Studio Version 17
VisualStudioVersion = 17.4.33213.308
MinimumVisualStudioVersion = 10.0.40219.1
Project("{FAE04EC0-301F-11D3-BF4B-00C04F79EFBC}") = "DataAccess", "DataAccess\DataAccess.csproj", "{35891B28-F87F-475E-93C3-ED21E27E0200}"
EndProject
Project("{FAE04EC0-301F-11D3-BF4B-00C04F79EFBC}") = "VoterInformationSystemApplication", "VoterInformationSystemApplication\VoterInformationSystemApplication.csproj", "{7A869D74-A829-4EFB-82FF-4B9E88D9ACE6}"
EndProject
Global
	GlobalSection(SolutionConfigurationPlatforms) = preSolution
		Debug|Any CPU = Debug|Any CPU
		Release|Any CPU = Release|Any CPU
	EndGlobalSection
	GlobalSection(ProjectConfigurationPlatforms) = postSolution
		{35891B28-F87F-475E-93C3-ED21E27E0200}.Debug|Any CPU.ActiveCfg = Debug|Any CPU
		{35891B28-F87F-475E-93C3-ED21E27E0200}.Debug|Any CPU.Build.0 = Debug|Any CPU
		{35891B28-F87F-475E-93C3-ED21E27E0200}.Release|Any CPU.ActiveCfg = Release|Any CPU
		{35891B28-F87F-475E-93C3-ED21E27E0200}.Release|Any CPU.Build.0 = Release|Any CPU
		{7A869D74-A829-4EFB-82FF-4B9E88D9ACE6}.Debug|Any CPU.ActiveCfg = Debug|Any CPU
		{7A869D74-A829-4EFB-82FF-4B9E88D9ACE6}.Debug|Any CPU.Build.0 = Debug|Any CPU
		{7A869D74-A829-4EFB-82FF-4B9E88D9ACE6}.Release|Any CPU.ActiveCfg = Release|Any CPU
		{7A869D74-A829-4EFB-82FF-4B9E88D9ACE6}.Release|Any CPU.Build.0 = Release|Any CPU
	EndGlobalSection
	GlobalSection(SolutionProperties) = preSolution
		HideSolutionNode = FALSE
	EndGlobalSection
	GlobalSection(ExtensibilityGlobals) = postSolution
		SolutionGuid = {98390B50-132B-4D5B-AB6B-B18AF8D9E1EC}
	EndGlobalSection
EndGlobal
